// !$*UTF8*$!
{
	archiveVersion = 1;
	classes = {
	};
	objectVersion = 56;
	objects = {

/* Begin PBXBuildFile section */
		804FDEF52AB089DF00325450 /* TimerUIComposer.swift in Sources */ = {isa = PBXBuildFile; fileRef = 804FDEF42AB089DF00325450 /* TimerUIComposer.swift */; };
		804FDEF72AB08A6500325450 /* TimerView.swift in Sources */ = {isa = PBXBuildFile; fileRef = 804FDEF62AB08A6500325450 /* TimerView.swift */; };
		80649D9A2AB364EC00EECE85 /* XCTestCase+MemoryLeakTracking.swift in Sources */ = {isa = PBXBuildFile; fileRef = 80649D992AB364EC00EECE85 /* XCTestCase+MemoryLeakTracking.swift */; };
		80649D9F2AB365A100EECE85 /* TimerViewSnapshotTests.swift in Sources */ = {isa = PBXBuildFile; fileRef = 80649D9E2AB365A100EECE85 /* TimerViewSnapshotTests.swift */; };
		80649DA22AB3664300EECE85 /* XCTestCase+Snapshot.swift in Sources */ = {isa = PBXBuildFile; fileRef = 80649DA12AB3664300EECE85 /* XCTestCase+Snapshot.swift */; };
		80649DA42AB3665B00EECE85 /* View+Snapshot.swift in Sources */ = {isa = PBXBuildFile; fileRef = 80649DA32AB3665B00EECE85 /* View+Snapshot.swift */; };
		80CA193D2AAE07D80010D497 /* TimerApp.swift in Sources */ = {isa = PBXBuildFile; fileRef = 80CA193C2AAE07D80010D497 /* TimerApp.swift */; };
		80CA193F2AAE07D80010D497 /* ContentView.swift in Sources */ = {isa = PBXBuildFile; fileRef = 80CA193E2AAE07D80010D497 /* ContentView.swift */; };
		80CA19412AAE07D90010D497 /* Assets.xcassets in Resources */ = {isa = PBXBuildFile; fileRef = 80CA19402AAE07D90010D497 /* Assets.xcassets */; };
		80CA19442AAE07D90010D497 /* Preview Assets.xcassets in Resources */ = {isa = PBXBuildFile; fileRef = 80CA19432AAE07D90010D497 /* Preview Assets.xcassets */; };
		80CA194E2AAE07D90010D497 /* TimerTests.swift in Sources */ = {isa = PBXBuildFile; fileRef = 80CA194D2AAE07D90010D497 /* TimerTests.swift */; };
		80CA19672AAE0D2E0010D497 /* TimerViewModel.swift in Sources */ = {isa = PBXBuildFile; fileRef = 80CA19662AAE0D2E0010D497 /* TimerViewModel.swift */; };
/* End PBXBuildFile section */

/* Begin PBXContainerItemProxy section */
		80CA194A2AAE07D90010D497 /* PBXContainerItemProxy */ = {
			isa = PBXContainerItemProxy;
			containerPortal = 80CA19312AAE07D80010D497 /* Project object */;
			proxyType = 1;
			remoteGlobalIDString = 80CA19382AAE07D80010D497;
			remoteInfo = Timer;
		};
/* End PBXContainerItemProxy section */

/* Begin PBXFileReference section */
		804FDEF42AB089DF00325450 /* TimerUIComposer.swift */ = {isa = PBXFileReference; lastKnownFileType = sourcecode.swift; path = TimerUIComposer.swift; sourceTree = "<group>"; };
		804FDEF62AB08A6500325450 /* TimerView.swift */ = {isa = PBXFileReference; lastKnownFileType = sourcecode.swift; path = TimerView.swift; sourceTree = "<group>"; };
		804FDEF92AB0AB8900325450 /* Timer.xctestplan */ = {isa = PBXFileReference; lastKnownFileType = text; path = Timer.xctestplan; sourceTree = "<group>"; };
		80649D992AB364EC00EECE85 /* XCTestCase+MemoryLeakTracking.swift */ = {isa = PBXFileReference; lastKnownFileType = sourcecode.swift; path = "XCTestCase+MemoryLeakTracking.swift"; sourceTree = "<group>"; };
		80649D9E2AB365A100EECE85 /* TimerViewSnapshotTests.swift */ = {isa = PBXFileReference; lastKnownFileType = sourcecode.swift; path = TimerViewSnapshotTests.swift; sourceTree = "<group>"; };
		80649DA12AB3664300EECE85 /* XCTestCase+Snapshot.swift */ = {isa = PBXFileReference; lastKnownFileType = sourcecode.swift; path = "XCTestCase+Snapshot.swift"; sourceTree = "<group>"; };
		80649DA32AB3665B00EECE85 /* View+Snapshot.swift */ = {isa = PBXFileReference; lastKnownFileType = sourcecode.swift; path = "View+Snapshot.swift"; sourceTree = "<group>"; };
		80CA19392AAE07D80010D497 /* Timer.app */ = {isa = PBXFileReference; explicitFileType = wrapper.application; includeInIndex = 0; path = Timer.app; sourceTree = BUILT_PRODUCTS_DIR; };
		80CA193C2AAE07D80010D497 /* TimerApp.swift */ = {isa = PBXFileReference; lastKnownFileType = sourcecode.swift; path = TimerApp.swift; sourceTree = "<group>"; };
		80CA193E2AAE07D80010D497 /* ContentView.swift */ = {isa = PBXFileReference; lastKnownFileType = sourcecode.swift; path = ContentView.swift; sourceTree = "<group>"; };
		80CA19402AAE07D90010D497 /* Assets.xcassets */ = {isa = PBXFileReference; lastKnownFileType = folder.assetcatalog; path = Assets.xcassets; sourceTree = "<group>"; };
		80CA19432AAE07D90010D497 /* Preview Assets.xcassets */ = {isa = PBXFileReference; lastKnownFileType = folder.assetcatalog; path = "Preview Assets.xcassets"; sourceTree = "<group>"; };
		80CA19492AAE07D90010D497 /* TimerTests.xctest */ = {isa = PBXFileReference; explicitFileType = wrapper.cfbundle; includeInIndex = 0; path = TimerTests.xctest; sourceTree = BUILT_PRODUCTS_DIR; };
		80CA194D2AAE07D90010D497 /* TimerTests.swift */ = {isa = PBXFileReference; lastKnownFileType = sourcecode.swift; path = TimerTests.swift; sourceTree = "<group>"; };
		80CA19662AAE0D2E0010D497 /* TimerViewModel.swift */ = {isa = PBXFileReference; lastKnownFileType = sourcecode.swift; path = TimerViewModel.swift; sourceTree = "<group>"; };
/* End PBXFileReference section */

/* Begin PBXFrameworksBuildPhase section */
		80CA19362AAE07D80010D497 /* Frameworks */ = {
			isa = PBXFrameworksBuildPhase;
			buildActionMask = 2147483647;
			files = (
			);
			runOnlyForDeploymentPostprocessing = 0;
		};
		80CA19462AAE07D90010D497 /* Frameworks */ = {
			isa = PBXFrameworksBuildPhase;
			buildActionMask = 2147483647;
			files = (
			);
			runOnlyForDeploymentPostprocessing = 0;
		};
/* End PBXFrameworksBuildPhase section */

/* Begin PBXGroup section */
		804FDEF82AB08AF100325450 /* Model */ = {
			isa = PBXGroup;
			children = (
				804FDEF42AB089DF00325450 /* TimerUIComposer.swift */,
			);
			path = Model;
			sourceTree = "<group>";
		};
		80649D982AB364AB00EECE85 /* Helpers */ = {
			isa = PBXGroup;
			children = (
				80649D992AB364EC00EECE85 /* XCTestCase+MemoryLeakTracking.swift */,
			);
			path = Helpers;
			sourceTree = "<group>";
		};
		80649D9B2AB3654000EECE85 /* ViewModel */ = {
			isa = PBXGroup;
			children = (
				80CA194D2AAE07D90010D497 /* TimerTests.swift */,
			);
			path = ViewModel;
			sourceTree = "<group>";
		};
		80649D9C2AB3654D00EECE85 /* Snapshots */ = {
			isa = PBXGroup;
			children = (
			);
			path = Snapshots;
			sourceTree = "<group>";
		};
		80649D9D2AB3655900EECE85 /* Views */ = {
			isa = PBXGroup;
			children = (
				80649D9C2AB3654D00EECE85 /* Snapshots */,
				80649DA02AB3662100EECE85 /* Helpers */,
			);
			path = Views;
			sourceTree = "<group>";
		};
		80649DA02AB3662100EECE85 /* Helpers */ = {
			isa = PBXGroup;
			children = (
				80649DA12AB3664300EECE85 /* XCTestCase+Snapshot.swift */,
				80649DA32AB3665B00EECE85 /* View+Snapshot.swift */,
			);
			path = Helpers;
			sourceTree = "<group>";
		};
		80CA19302AAE07D80010D497 = {
			isa = PBXGroup;
			children = (
				804FDEF92AB0AB8900325450 /* Timer.xctestplan */,
				80CA193B2AAE07D80010D497 /* Timer */,
				80CA194C2AAE07D90010D497 /* TimerTests */,
				80CA193A2AAE07D80010D497 /* Products */,
			);
			sourceTree = "<group>";
		};
		80CA193A2AAE07D80010D497 /* Products */ = {
			isa = PBXGroup;
			children = (
				80CA19392AAE07D80010D497 /* Timer.app */,
				80CA19492AAE07D90010D497 /* TimerTests.xctest */,
			);
			name = Products;
			sourceTree = "<group>";
		};
		80CA193B2AAE07D80010D497 /* Timer */ = {
			isa = PBXGroup;
			children = (
				80CA193C2AAE07D80010D497 /* TimerApp.swift */,
				80CA193E2AAE07D80010D497 /* ContentView.swift */,
				804FDEF82AB08AF100325450 /* Model */,
				80CA196F2AAE44610010D497 /* ViewModel */,
				80CA196E2AAE44590010D497 /* Views */,
				80CA19402AAE07D90010D497 /* Assets.xcassets */,
				80CA19422AAE07D90010D497 /* Preview Content */,
			);
			path = Timer;
			sourceTree = "<group>";
		};
		80CA19422AAE07D90010D497 /* Preview Content */ = {
			isa = PBXGroup;
			children = (
				80CA19432AAE07D90010D497 /* Preview Assets.xcassets */,
			);
			path = "Preview Content";
			sourceTree = "<group>";
		};
		80CA194C2AAE07D90010D497 /* TimerTests */ = {
			isa = PBXGroup;
			children = (
				80649D982AB364AB00EECE85 /* Helpers */,
				80649D9B2AB3654000EECE85 /* ViewModel */,
				80649D9D2AB3655900EECE85 /* Views */,
				80649D9E2AB365A100EECE85 /* TimerViewSnapshotTests.swift */,
			);
			path = TimerTests;
			sourceTree = "<group>";
		};
		80CA196E2AAE44590010D497 /* Views */ = {
			isa = PBXGroup;
			children = (
				804FDEF62AB08A6500325450 /* TimerView.swift */,
			);
			path = Views;
			sourceTree = "<group>";
		};
		80CA196F2AAE44610010D497 /* ViewModel */ = {
			isa = PBXGroup;
			children = (
				80CA19662AAE0D2E0010D497 /* TimerViewModel.swift */,
			);
			path = ViewModel;
			sourceTree = "<group>";
		};
/* End PBXGroup section */

/* Begin PBXNativeTarget section */
		80CA19382AAE07D80010D497 /* Timer */ = {
			isa = PBXNativeTarget;
			buildConfigurationList = 80CA195D2AAE07D90010D497 /* Build configuration list for PBXNativeTarget "Timer" */;
			buildPhases = (
				80CA19352AAE07D80010D497 /* Sources */,
				80CA19362AAE07D80010D497 /* Frameworks */,
				80CA19372AAE07D80010D497 /* Resources */,
			);
			buildRules = (
			);
			dependencies = (
			);
			name = Timer;
			productName = Timer;
			productReference = 80CA19392AAE07D80010D497 /* Timer.app */;
			productType = "com.apple.product-type.application";
		};
		80CA19482AAE07D90010D497 /* TimerTests */ = {
			isa = PBXNativeTarget;
			buildConfigurationList = 80CA19602AAE07D90010D497 /* Build configuration list for PBXNativeTarget "TimerTests" */;
			buildPhases = (
				80CA19452AAE07D90010D497 /* Sources */,
				80CA19462AAE07D90010D497 /* Frameworks */,
				80CA19472AAE07D90010D497 /* Resources */,
			);
			buildRules = (
			);
			dependencies = (
				80CA194B2AAE07D90010D497 /* PBXTargetDependency */,
			);
			name = TimerTests;
			productName = TimerTests;
			productReference = 80CA19492AAE07D90010D497 /* TimerTests.xctest */;
			productType = "com.apple.product-type.bundle.unit-test";
		};
/* End PBXNativeTarget section */

/* Begin PBXProject section */
		80CA19312AAE07D80010D497 /* Project object */ = {
			isa = PBXProject;
			attributes = {
				BuildIndependentTargetsInParallel = 1;
				LastSwiftUpdateCheck = 1430;
				LastUpgradeCheck = 1430;
				TargetAttributes = {
					80CA19382AAE07D80010D497 = {
						CreatedOnToolsVersion = 14.3.1;
					};
					80CA19482AAE07D90010D497 = {
						CreatedOnToolsVersion = 14.3.1;
						TestTargetID = 80CA19382AAE07D80010D497;
					};
				};
			};
			buildConfigurationList = 80CA19342AAE07D80010D497 /* Build configuration list for PBXProject "Timer" */;
			compatibilityVersion = "Xcode 14.0";
			developmentRegion = en;
			hasScannedForEncodings = 0;
			knownRegions = (
				en,
				Base,
			);
			mainGroup = 80CA19302AAE07D80010D497;
			productRefGroup = 80CA193A2AAE07D80010D497 /* Products */;
			projectDirPath = "";
			projectRoot = "";
			targets = (
				80CA19382AAE07D80010D497 /* Timer */,
				80CA19482AAE07D90010D497 /* TimerTests */,
			);
		};
/* End PBXProject section */

/* Begin PBXResourcesBuildPhase section */
		80CA19372AAE07D80010D497 /* Resources */ = {
			isa = PBXResourcesBuildPhase;
			buildActionMask = 2147483647;
			files = (
				80CA19442AAE07D90010D497 /* Preview Assets.xcassets in Resources */,
				80CA19412AAE07D90010D497 /* Assets.xcassets in Resources */,
			);
			runOnlyForDeploymentPostprocessing = 0;
		};
		80CA19472AAE07D90010D497 /* Resources */ = {
			isa = PBXResourcesBuildPhase;
			buildActionMask = 2147483647;
			files = (
			);
			runOnlyForDeploymentPostprocessing = 0;
		};
/* End PBXResourcesBuildPhase section */

/* Begin PBXSourcesBuildPhase section */
		80CA19352AAE07D80010D497 /* Sources */ = {
			isa = PBXSourcesBuildPhase;
			buildActionMask = 2147483647;
			files = (
				80CA193F2AAE07D80010D497 /* ContentView.swift in Sources */,
				804FDEF52AB089DF00325450 /* TimerUIComposer.swift in Sources */,
				80CA19672AAE0D2E0010D497 /* TimerViewModel.swift in Sources */,
				804FDEF72AB08A6500325450 /* TimerView.swift in Sources */,
				80CA193D2AAE07D80010D497 /* TimerApp.swift in Sources */,
			);
			runOnlyForDeploymentPostprocessing = 0;
		};
		80CA19452AAE07D90010D497 /* Sources */ = {
			isa = PBXSourcesBuildPhase;
			buildActionMask = 2147483647;
			files = (
				80CA194E2AAE07D90010D497 /* TimerTests.swift in Sources */,
				80649D9A2AB364EC00EECE85 /* XCTestCase+MemoryLeakTracking.swift in Sources */,
				80649DA42AB3665B00EECE85 /* View+Snapshot.swift in Sources */,
				80649DA22AB3664300EECE85 /* XCTestCase+Snapshot.swift in Sources */,
				80649D9F2AB365A100EECE85 /* TimerViewSnapshotTests.swift in Sources */,
			);
			runOnlyForDeploymentPostprocessing = 0;
		};
/* End PBXSourcesBuildPhase section */

/* Begin PBXTargetDependency section */
		80CA194B2AAE07D90010D497 /* PBXTargetDependency */ = {
			isa = PBXTargetDependency;
			target = 80CA19382AAE07D80010D497 /* Timer */;
			targetProxy = 80CA194A2AAE07D90010D497 /* PBXContainerItemProxy */;
		};
/* End PBXTargetDependency section */

/* Begin XCBuildConfiguration section */
		80CA195B2AAE07D90010D497 /* Debug */ = {
			isa = XCBuildConfiguration;
			buildSettings = {
				ALWAYS_SEARCH_USER_PATHS = NO;
				CLANG_ANALYZER_NONNULL = YES;
				CLANG_ANALYZER_NUMBER_OBJECT_CONVERSION = YES_AGGRESSIVE;
				CLANG_CXX_LANGUAGE_STANDARD = "gnu++20";
				CLANG_ENABLE_MODULES = YES;
				CLANG_ENABLE_OBJC_ARC = YES;
				CLANG_ENABLE_OBJC_WEAK = YES;
				CLANG_WARN_BLOCK_CAPTURE_AUTORELEASING = YES;
				CLANG_WARN_BOOL_CONVERSION = YES;
				CLANG_WARN_COMMA = YES;
				CLANG_WARN_CONSTANT_CONVERSION = YES;
				CLANG_WARN_DEPRECATED_OBJC_IMPLEMENTATIONS = YES;
				CLANG_WARN_DIRECT_OBJC_ISA_USAGE = YES_ERROR;
				CLANG_WARN_DOCUMENTATION_COMMENTS = YES;
				CLANG_WARN_EMPTY_BODY = YES;
				CLANG_WARN_ENUM_CONVERSION = YES;
				CLANG_WARN_INFINITE_RECURSION = YES;
				CLANG_WARN_INT_CONVERSION = YES;
				CLANG_WARN_NON_LITERAL_NULL_CONVERSION = YES;
				CLANG_WARN_OBJC_IMPLICIT_RETAIN_SELF = YES;
				CLANG_WARN_OBJC_LITERAL_CONVERSION = YES;
				CLANG_WARN_OBJC_ROOT_CLASS = YES_ERROR;
				CLANG_WARN_QUOTED_INCLUDE_IN_FRAMEWORK_HEADER = YES;
				CLANG_WARN_RANGE_LOOP_ANALYSIS = YES;
				CLANG_WARN_STRICT_PROTOTYPES = YES;
				CLANG_WARN_SUSPICIOUS_MOVE = YES;
				CLANG_WARN_UNGUARDED_AVAILABILITY = YES_AGGRESSIVE;
				CLANG_WARN_UNREACHABLE_CODE = YES;
				CLANG_WARN__DUPLICATE_METHOD_MATCH = YES;
				COPY_PHASE_STRIP = NO;
				DEBUG_INFORMATION_FORMAT = dwarf;
				ENABLE_STRICT_OBJC_MSGSEND = YES;
				ENABLE_TESTABILITY = YES;
				GCC_C_LANGUAGE_STANDARD = gnu11;
				GCC_DYNAMIC_NO_PIC = NO;
				GCC_NO_COMMON_BLOCKS = YES;
				GCC_OPTIMIZATION_LEVEL = 0;
				GCC_PREPROCESSOR_DEFINITIONS = (
					"DEBUG=1",
					"$(inherited)",
				);
				GCC_WARN_64_TO_32_BIT_CONVERSION = YES;
				GCC_WARN_ABOUT_RETURN_TYPE = YES_ERROR;
				GCC_WARN_UNDECLARED_SELECTOR = YES;
				GCC_WARN_UNINITIALIZED_AUTOS = YES_AGGRESSIVE;
				GCC_WARN_UNUSED_FUNCTION = YES;
				GCC_WARN_UNUSED_VARIABLE = YES;
				IPHONEOS_DEPLOYMENT_TARGET = 16.4;
				MTL_ENABLE_DEBUG_INFO = INCLUDE_SOURCE;
				MTL_FAST_MATH = YES;
				ONLY_ACTIVE_ARCH = YES;
				SDKROOT = iphoneos;
				SWIFT_ACTIVE_COMPILATION_CONDITIONS = DEBUG;
				SWIFT_OPTIMIZATION_LEVEL = "-Onone";
			};
			name = Debug;
		};
		80CA195C2AAE07D90010D497 /* Release */ = {
			isa = XCBuildConfiguration;
			buildSettings = {
				ALWAYS_SEARCH_USER_PATHS = NO;
				CLANG_ANALYZER_NONNULL = YES;
				CLANG_ANALYZER_NUMBER_OBJECT_CONVERSION = YES_AGGRESSIVE;
				CLANG_CXX_LANGUAGE_STANDARD = "gnu++20";
				CLANG_ENABLE_MODULES = YES;
				CLANG_ENABLE_OBJC_ARC = YES;
				CLANG_ENABLE_OBJC_WEAK = YES;
				CLANG_WARN_BLOCK_CAPTURE_AUTORELEASING = YES;
				CLANG_WARN_BOOL_CONVERSION = YES;
				CLANG_WARN_COMMA = YES;
				CLANG_WARN_CONSTANT_CONVERSION = YES;
				CLANG_WARN_DEPRECATED_OBJC_IMPLEMENTATIONS = YES;
				CLANG_WARN_DIRECT_OBJC_ISA_USAGE = YES_ERROR;
				CLANG_WARN_DOCUMENTATION_COMMENTS = YES;
				CLANG_WARN_EMPTY_BODY = YES;
				CLANG_WARN_ENUM_CONVERSION = YES;
				CLANG_WARN_INFINITE_RECURSION = YES;
				CLANG_WARN_INT_CONVERSION = YES;
				CLANG_WARN_NON_LITERAL_NULL_CONVERSION = YES;
				CLANG_WARN_OBJC_IMPLICIT_RETAIN_SELF = YES;
				CLANG_WARN_OBJC_LITERAL_CONVERSION = YES;
				CLANG_WARN_OBJC_ROOT_CLASS = YES_ERROR;
				CLANG_WARN_QUOTED_INCLUDE_IN_FRAMEWORK_HEADER = YES;
				CLANG_WARN_RANGE_LOOP_ANALYSIS = YES;
				CLANG_WARN_STRICT_PROTOTYPES = YES;
				CLANG_WARN_SUSPICIOUS_MOVE = YES;
				CLANG_WARN_UNGUARDED_AVAILABILITY = YES_AGGRESSIVE;
				CLANG_WARN_UNREACHABLE_CODE = YES;
				CLANG_WARN__DUPLICATE_METHOD_MATCH = YES;
				COPY_PHASE_STRIP = NO;
				DEBUG_INFORMATION_FORMAT = "dwarf-with-dsym";
				ENABLE_NS_ASSERTIONS = NO;
				ENABLE_STRICT_OBJC_MSGSEND = YES;
				GCC_C_LANGUAGE_STANDARD = gnu11;
				GCC_NO_COMMON_BLOCKS = YES;
				GCC_WARN_64_TO_32_BIT_CONVERSION = YES;
				GCC_WARN_ABOUT_RETURN_TYPE = YES_ERROR;
				GCC_WARN_UNDECLARED_SELECTOR = YES;
				GCC_WARN_UNINITIALIZED_AUTOS = YES_AGGRESSIVE;
				GCC_WARN_UNUSED_FUNCTION = YES;
				GCC_WARN_UNUSED_VARIABLE = YES;
				IPHONEOS_DEPLOYMENT_TARGET = 16.4;
				MTL_ENABLE_DEBUG_INFO = NO;
				MTL_FAST_MATH = YES;
				SDKROOT = iphoneos;
				SWIFT_COMPILATION_MODE = wholemodule;
				SWIFT_OPTIMIZATION_LEVEL = "-O";
				VALIDATE_PRODUCT = YES;
			};
			name = Release;
		};
		80CA195E2AAE07D90010D497 /* Debug */ = {
			isa = XCBuildConfiguration;
			buildSettings = {
				ASSETCATALOG_COMPILER_APPICON_NAME = AppIcon;
				ASSETCATALOG_COMPILER_GLOBAL_ACCENT_COLOR_NAME = AccentColor;
				CODE_SIGN_STYLE = Automatic;
				CURRENT_PROJECT_VERSION = 1;
				DEVELOPMENT_ASSET_PATHS = "\"Timer/Preview Content\"";
				DEVELOPMENT_TEAM = 5J9C5S965J;
				ENABLE_PREVIEWS = YES;
				GENERATE_INFOPLIST_FILE = YES;
				INFOPLIST_KEY_UIApplicationSceneManifest_Generation = YES;
				INFOPLIST_KEY_UIApplicationSupportsIndirectInputEvents = YES;
				INFOPLIST_KEY_UILaunchScreen_Generation = YES;
				INFOPLIST_KEY_UISupportedInterfaceOrientations_iPad = "UIInterfaceOrientationPortrait UIInterfaceOrientationPortraitUpsideDown UIInterfaceOrientationLandscapeLeft UIInterfaceOrientationLandscapeRight";
				INFOPLIST_KEY_UISupportedInterfaceOrientations_iPhone = "UIInterfaceOrientationPortrait UIInterfaceOrientationLandscapeLeft UIInterfaceOrientationLandscapeRight";
				LD_RUNPATH_SEARCH_PATHS = (
					"$(inherited)",
					"@executable_path/Frameworks",
				);
				MARKETING_VERSION = 1.0;
				PRODUCT_BUNDLE_IDENTIFIER = favre.michael.Timer;
				PRODUCT_NAME = "$(TARGET_NAME)";
				SWIFT_EMIT_LOC_STRINGS = YES;
				SWIFT_VERSION = 5.0;
				TARGETED_DEVICE_FAMILY = "1,2";
			};
			name = Debug;
		};
		80CA195F2AAE07D90010D497 /* Release */ = {
			isa = XCBuildConfiguration;
			buildSettings = {
				ASSETCATALOG_COMPILER_APPICON_NAME = AppIcon;
				ASSETCATALOG_COMPILER_GLOBAL_ACCENT_COLOR_NAME = AccentColor;
				CODE_SIGN_STYLE = Automatic;
				CURRENT_PROJECT_VERSION = 1;
				DEVELOPMENT_ASSET_PATHS = "\"Timer/Preview Content\"";
				DEVELOPMENT_TEAM = 5J9C5S965J;
				ENABLE_PREVIEWS = YES;
				GENERATE_INFOPLIST_FILE = YES;
				INFOPLIST_KEY_UIApplicationSceneManifest_Generation = YES;
				INFOPLIST_KEY_UIApplicationSupportsIndirectInputEvents = YES;
				INFOPLIST_KEY_UILaunchScreen_Generation = YES;
				INFOPLIST_KEY_UISupportedInterfaceOrientations_iPad = "UIInterfaceOrientationPortrait UIInterfaceOrientationPortraitUpsideDown UIInterfaceOrientationLandscapeLeft UIInterfaceOrientationLandscapeRight";
				INFOPLIST_KEY_UISupportedInterfaceOrientations_iPhone = "UIInterfaceOrientationPortrait UIInterfaceOrientationLandscapeLeft UIInterfaceOrientationLandscapeRight";
				LD_RUNPATH_SEARCH_PATHS = (
					"$(inherited)",
					"@executable_path/Frameworks",
				);
				MARKETING_VERSION = 1.0;
				PRODUCT_BUNDLE_IDENTIFIER = favre.michael.Timer;
				PRODUCT_NAME = "$(TARGET_NAME)";
				SWIFT_EMIT_LOC_STRINGS = YES;
				SWIFT_VERSION = 5.0;
				TARGETED_DEVICE_FAMILY = "1,2";
			};
			name = Release;
		};
		80CA19612AAE07D90010D497 /* Debug */ = {
			isa = XCBuildConfiguration;
			buildSettings = {
				ALWAYS_EMBED_SWIFT_STANDARD_LIBRARIES = YES;
				BUNDLE_LOADER = "$(TEST_HOST)";
				CODE_SIGN_STYLE = Automatic;
				CURRENT_PROJECT_VERSION = 1;
				DEVELOPMENT_TEAM = 5J9C5S965J;
				GENERATE_INFOPLIST_FILE = YES;
				IPHONEOS_DEPLOYMENT_TARGET = 16.4;
				MARKETING_VERSION = 1.0;
				PRODUCT_BUNDLE_IDENTIFIER = favre.michael.TimerTests;
				PRODUCT_NAME = "$(TARGET_NAME)";
				SWIFT_EMIT_LOC_STRINGS = NO;
				SWIFT_VERSION = 5.0;
				TARGETED_DEVICE_FAMILY = "1,2";
				TEST_HOST = "$(BUILT_PRODUCTS_DIR)/Timer.app/$(BUNDLE_EXECUTABLE_FOLDER_PATH)/Timer";
			};
			name = Debug;
		};
		80CA19622AAE07D90010D497 /* Release */ = {
			isa = XCBuildConfiguration;
			buildSettings = {
				ALWAYS_EMBED_SWIFT_STANDARD_LIBRARIES = YES;
				BUNDLE_LOADER = "$(TEST_HOST)";
				CODE_SIGN_STYLE = Automatic;
				CURRENT_PROJECT_VERSION = 1;
				DEVELOPMENT_TEAM = 5J9C5S965J;
				GENERATE_INFOPLIST_FILE = YES;
				IPHONEOS_DEPLOYMENT_TARGET = 16.4;
				MARKETING_VERSION = 1.0;
				PRODUCT_BUNDLE_IDENTIFIER = favre.michael.TimerTests;
				PRODUCT_NAME = "$(TARGET_NAME)";
				SWIFT_EMIT_LOC_STRINGS = NO;
				SWIFT_VERSION = 5.0;
				TARGETED_DEVICE_FAMILY = "1,2";
				TEST_HOST = "$(BUILT_PRODUCTS_DIR)/Timer.app/$(BUNDLE_EXECUTABLE_FOLDER_PATH)/Timer";
			};
			name = Release;
		};
/* End XCBuildConfiguration section */

/* Begin XCConfigurationList section */
		80CA19342AAE07D80010D497 /* Build configuration list for PBXProject "Timer" */ = {
			isa = XCConfigurationList;
			buildConfigurations = (
				80CA195B2AAE07D90010D497 /* Debug */,
				80CA195C2AAE07D90010D497 /* Release */,
			);
			defaultConfigurationIsVisible = 0;
			defaultConfigurationName = Release;
		};
		80CA195D2AAE07D90010D497 /* Build configuration list for PBXNativeTarget "Timer" */ = {
			isa = XCConfigurationList;
			buildConfigurations = (
				80CA195E2AAE07D90010D497 /* Debug */,
				80CA195F2AAE07D90010D497 /* Release */,
			);
			defaultConfigurationIsVisible = 0;
			defaultConfigurationName = Release;
		};
		80CA19602AAE07D90010D497 /* Build configuration list for PBXNativeTarget "TimerTests" */ = {
			isa = XCConfigurationList;
			buildConfigurations = (
				80CA19612AAE07D90010D497 /* Debug */,
				80CA19622AAE07D90010D497 /* Release */,
			);
			defaultConfigurationIsVisible = 0;
			defaultConfigurationName = Release;
		};
/* End XCConfigurationList section */
	};
	rootObject = 80CA19312AAE07D80010D497 /* Project object */;
}
